
Microsoft Visual Studio Solution File, Format Version 12.00
# Visual Studio Version 17
VisualStudioVersion = 17.12.35527.113 d17.12
MinimumVisualStudioVersion = 10.0.40219.1
Project("{FAE04EC0-301F-11D3-BF4B-00C04F79EFBC}") = "CakeBuild", "CakeBuild\CakeBuild.csproj", "{B673467A-7C6F-4237-97B8-A2520B45FEB6}"
EndProject
Project("{FAE04EC0-301F-11D3-BF4B-00C04F79EFBC}") = "TabletopGames", "TabletopGames\TabletopGames.csproj", "{DE75376D-0509-4808-A137-3B39D8153DD6}"
EndProject
Global
	GlobalSection(SolutionConfigurationPlatforms) = preSolution
		Debug|Any CPU = Debug|Any CPU
		Release|Any CPU = Release|Any CPU
	EndGlobalSection
	GlobalSection(ProjectConfigurationPlatforms) = postSolution
		{B673467A-7C6F-4237-97B8-A2520B45FEB6}.Debug|Any CPU.ActiveCfg = Debug|Any CPU
		{B673467A-7C6F-4237-97B8-A2520B45FEB6}.Debug|Any CPU.Build.0 = Debug|Any CPU
		{B673467A-7C6F-4237-97B8-A2520B45FEB6}.Release|Any CPU.ActiveCfg = Release|Any CPU
		{B673467A-7C6F-4237-97B8-A2520B45FEB6}.Release|Any CPU.Build.0 = Release|Any CPU
		{DE75376D-0509-4808-A137-3B39D8153DD6}.Debug|Any CPU.ActiveCfg = Debug|Any CPU
		{DE75376D-0509-4808-A137-3B39D8153DD6}.Debug|Any CPU.Build.0 = Debug|Any CPU
		{DE75376D-0509-4808-A137-3B39D8153DD6}.Release|Any CPU.ActiveCfg = Release|Any CPU
		{DE75376D-0509-4808-A137-3B39D8153DD6}.Release|Any CPU.Build.0 = Release|Any CPU
	EndGlobalSection
	GlobalSection(SolutionProperties) = preSolution
		HideSolutionNode = FALSE
	EndGlobalSection
EndGlobal
